
Microsoft Visual Studio Solution File, Format Version 12.00
# Visual Studio Version 17
VisualStudioVersion = 17.8.34525.116
MinimumVisualStudioVersion = 10.0.40219.1
Project("{FAE04EC0-301F-11D3-BF4B-00C04F79EFBC}") = "AprendendoLista", "AprendendoLista.csproj", "{AC7DCB5D-695E-4326-B999-337AC3E23AF4}"
EndProject
Global
	GlobalSection(SolutionConfigurationPlatforms) = preSolution
		Debug|Any CPU = Debug|Any CPU
		Release|Any CPU = Release|Any CPU
	EndGlobalSection
	GlobalSection(ProjectConfigurationPlatforms) = postSolution
		{AC7DCB5D-695E-4326-B999-337AC3E23AF4}.Debug|Any CPU.ActiveCfg = Debug|Any CPU
		{AC7DCB5D-695E-4326-B999-337AC3E23AF4}.Debug|Any CPU.Build.0 = Debug|Any CPU
		{AC7DCB5D-695E-4326-B999-337AC3E23AF4}.Release|Any CPU.ActiveCfg = Release|Any CPU
		{AC7DCB5D-695E-4326-B999-337AC3E23AF4}.Release|Any CPU.Build.0 = Release|Any CPU
	EndGlobalSection
	GlobalSection(SolutionProperties) = preSolution
		HideSolutionNode = FALSE
	EndGlobalSection
	GlobalSection(ExtensibilityGlobals) = postSolution
		SolutionGuid = {A2582917-8869-49E2-86B5-FBE5A695E71C}
	EndGlobalSection
EndGlobal
